# THIS IS AN AUTOGENERATED FILE. DO NOT EDIT THIS FILE DIRECTLY.
# yarn lockfile v1


acorn@^5.1.1:
  version "5.7.3"
  resolved "https://registry.yarnpkg.com/acorn/-/acorn-5.7.3.tgz#67aa231bf8812974b85235a96771eb6bd07ea279"
  integrity sha512-T/zvzYRfbVojPWahDsE5evJdHb3oJoQfFbsrKM7w5Zcs++Tr257tia3BmMP8XYVjp1S9RZXQMh7gao96BlqZOw==

brain.js@^1.6.0:
  version "1.6.0"
  resolved "https://registry.yarnpkg.com/brain.js/-/brain.js-1.6.0.tgz#a3b40daeb7a76c6c6538d7985ec1773246ebf8d4"
  integrity sha512-HMHK7ueavtlONnpa+qDDJNs4K5gegGxQkKir+TeBoXgyHjI84y4vUh44q9qOOv2LwtVlZf1h5gEp676OWnkCbA==
  dependencies:
    gpu.js "^1.10.4"
    thaw.js "^2.0.0"

gpu.js@^1.10.4:
  version "1.10.4"
  resolved "https://registry.yarnpkg.com/gpu.js/-/gpu.js-1.10.4.tgz#f0290dc08d40a9de7329b91f1523703cdd0a64c7"
  integrity sha512-qh5O1LXwwkhGOpEicR9SnQB7xduUDY5rKGPWj9yOFLNI90bX+mReooGQjnL3iZ08btBOT0zQGu9wKA+gGy2BhQ==
  dependencies:
    acorn "^5.1.1"

jquery@^3.3.1:
  version "3.3.1"
  resolved "https://registry.yarnpkg.com/jquery/-/jquery-3.3.1.tgz#958ce29e81c9790f31be7792df5d4d95fc57fbca"
  integrity sha512-Ubldcmxp5np52/ENotGxlLe6aGMvmF4R8S6tZjsP6Knsaxd/xp3Zrh50cG93lR6nPXyUFwzN3ZSOQI0wRJNdGg==

lodash@^4.17.11:
  version "4.17.11"
  resolved "https://registry.yarnpkg.com/lodash/-/lodash-4.17.11.tgz#b39ea6229ef607ecd89e2c8df12536891cac9b8d"
  integrity sha512-cQKh8igo5QUhZ7lg38DYWAxMvjSAKG0A8wGSVimP07SIUEK2UO+arSRKbRZWtelMtN5V0Hkwh5ryOto/SshYIg==

nes.css@^1.0.0:
  version "1.0.0"
  resolved "https://registry.yarnpkg.com/nes.css/-/nes.css-1.0.0.tgz#8f54a1440936d3b6d9002cd73d5304020e7b8cc1"
  integrity sha512-AdQ1pJvq98VqGR2JlfgTWK8jdGo9HUAi9tWn3R+4eMi02SH98fUdGkScBux5ua4JYjitOG77j9V6mMCSMHAUxA==

normalize.css@^8.0.1:
  version "8.0.1"
  resolved "https://registry.yarnpkg.com/normalize.css/-/normalize.css-8.0.1.tgz#9b98a208738b9cc2634caacbc42d131c97487bf3"
  integrity sha512-qizSNPO93t1YUuUhP22btGOo3chcvDFqFaj2TRybP0DMxkHOCTYwp3n34fel4a31ORXy4m1Xq0Gyqpb5m33qIg==

thaw.js@^2.0.0:
  version "2.0.0"
  resolved "https://registry.yarnpkg.com/thaw.js/-/thaw.js-2.0.0.tgz#452bc5d7ee2ce1b6f92037b05b506cbd656291d0"
  integrity sha1-RSvF1+4s4bb5IDewW1BsvWVikdA=
